
Microsoft Visual Studio Solution File, Format Version 12.00
# Visual Studio Version 16
VisualStudioVersion = 16.0.30413.136
MinimumVisualStudioVersion = 10.0.40219.1
Project("{FAE04EC0-301F-11D3-BF4B-00C04F79EFBC}") = "Amazon", "Amazon\Amazon.csproj", "{0C6C7000-F78D-44F9-B274-3CFFE6B55830}"
EndProject
Project("{FAE04EC0-301F-11D3-BF4B-00C04F79EFBC}") = "DataLayer", "DataLayer\DataLayer.csproj", "{98CAA1E7-BDA4-48A6-BB57-C306C6A44A7C}"
EndProject
Global
	GlobalSection(SolutionConfigurationPlatforms) = preSolution
		Debug|Any CPU = Debug|Any CPU
		Release|Any CPU = Release|Any CPU
	EndGlobalSection
	GlobalSection(ProjectConfigurationPlatforms) = postSolution
		{0C6C7000-F78D-44F9-B274-3CFFE6B55830}.Debug|Any CPU.ActiveCfg = Debug|Any CPU
		{0C6C7000-F78D-44F9-B274-3CFFE6B55830}.Debug|Any CPU.Build.0 = Debug|Any CPU
		{0C6C7000-F78D-44F9-B274-3CFFE6B55830}.Release|Any CPU.ActiveCfg = Release|Any CPU
		{0C6C7000-F78D-44F9-B274-3CFFE6B55830}.Release|Any CPU.Build.0 = Release|Any CPU
		{98CAA1E7-BDA4-48A6-BB57-C306C6A44A7C}.Debug|Any CPU.ActiveCfg = Debug|Any CPU
		{98CAA1E7-BDA4-48A6-BB57-C306C6A44A7C}.Debug|Any CPU.Build.0 = Debug|Any CPU
		{98CAA1E7-BDA4-48A6-BB57-C306C6A44A7C}.Release|Any CPU.ActiveCfg = Release|Any CPU
		{98CAA1E7-BDA4-48A6-BB57-C306C6A44A7C}.Release|Any CPU.Build.0 = Release|Any CPU
	EndGlobalSection
	GlobalSection(SolutionProperties) = preSolution
		HideSolutionNode = FALSE
	EndGlobalSection
	GlobalSection(ExtensibilityGlobals) = postSolution
		SolutionGuid = {90BB826F-2375-42AB-98EA-4719E67F0F6C}
	EndGlobalSection
EndGlobal
